
Microsoft Visual Studio Solution File, Format Version 12.00
# Visual Studio 15
VisualStudioVersion = 15.0.28307.572
MinimumVisualStudioVersion = 10.0.40219.1
Project("{FAE04EC0-301F-11D3-BF4B-00C04F79EFBC}") = "OnlineNotes", "OnlineNotes\OnlineNotes.csproj", "{828E6C11-ABD3-4F66-B3F0-74F5BD1FEF05}"
EndProject
Global
	GlobalSection(SolutionConfigurationPlatforms) = preSolution
		Debug|Any CPU = Debug|Any CPU
		Release|Any CPU = Release|Any CPU
	EndGlobalSection
	GlobalSection(ProjectConfigurationPlatforms) = postSolution
		{828E6C11-ABD3-4F66-B3F0-74F5BD1FEF05}.Debug|Any CPU.ActiveCfg = Debug|Any CPU
		{828E6C11-ABD3-4F66-B3F0-74F5BD1FEF05}.Debug|Any CPU.Build.0 = Debug|Any CPU
		{828E6C11-ABD3-4F66-B3F0-74F5BD1FEF05}.Release|Any CPU.ActiveCfg = Release|Any CPU
		{828E6C11-ABD3-4F66-B3F0-74F5BD1FEF05}.Release|Any CPU.Build.0 = Release|Any CPU
	EndGlobalSection
	GlobalSection(SolutionProperties) = preSolution
		HideSolutionNode = FALSE
	EndGlobalSection
	GlobalSection(ExtensibilityGlobals) = postSolution
		SolutionGuid = {C4ADC9A6-DCAA-4222-A9D5-7397F87468DD}
	EndGlobalSection
EndGlobal
